
Microsoft Visual Studio Solution File, Format Version 12.00
# Visual Studio 15
Project("{FAE04EC0-301F-11D3-BF4B-00C04F79EFBC}") = "undersea", "Assembly-CSharp.csproj", "{65B8BDBF-69E9-29C1-EDED-E307EFB5AF15}"
EndProject
Project("{FAE04EC0-301F-11D3-BF4B-00C04F79EFBC}") = "undersea", "Assembly-CSharp-Editor.csproj", "{FC5707A0-35BB-77DF-A0E4-25E1E4875983}"
EndProject
Global
	GlobalSection(SolutionConfigurationPlatforms) = preSolution
		Debug|Any CPU = Debug|Any CPU
		Release|Any CPU = Release|Any CPU
	EndGlobalSection
	GlobalSection(ProjectConfigurationPlatforms) = postSolution
		{65B8BDBF-69E9-29C1-EDED-E307EFB5AF15}.Debug|Any CPU.ActiveCfg = Debug|Any CPU
		{65B8BDBF-69E9-29C1-EDED-E307EFB5AF15}.Debug|Any CPU.Build.0 = Debug|Any CPU
		{65B8BDBF-69E9-29C1-EDED-E307EFB5AF15}.Release|Any CPU.ActiveCfg = Release|Any CPU
		{65B8BDBF-69E9-29C1-EDED-E307EFB5AF15}.Release|Any CPU.Build.0 = Release|Any CPU
		{FC5707A0-35BB-77DF-A0E4-25E1E4875983}.Debug|Any CPU.ActiveCfg = Debug|Any CPU
		{FC5707A0-35BB-77DF-A0E4-25E1E4875983}.Debug|Any CPU.Build.0 = Debug|Any CPU
		{FC5707A0-35BB-77DF-A0E4-25E1E4875983}.Release|Any CPU.ActiveCfg = Release|Any CPU
		{FC5707A0-35BB-77DF-A0E4-25E1E4875983}.Release|Any CPU.Build.0 = Release|Any CPU
	EndGlobalSection
	GlobalSection(SolutionProperties) = preSolution
		HideSolutionNode = FALSE
	EndGlobalSection
EndGlobal
